
Microsoft Visual Studio Solution File, Format Version 12.00
# Visual Studio Version 17
VisualStudioVersion = 17.4.33110.190
MinimumVisualStudioVersion = 10.0.40219.1
Project("{FAE04EC0-301F-11D3-BF4B-00C04F79EFBC}") = "Animal1", "Animal1\Animal1.csproj", "{7EA9294B-A3F6-4F57-860D-343A5AA243A8}"
EndProject
Project("{FAE04EC0-301F-11D3-BF4B-00C04F79EFBC}") = "Animal.1.1", "Animal.1.1\Animal.1.1.csproj", "{9DD7BC3B-40A7-425D-80EF-DF78D34BCABF}"
EndProject
Global
	GlobalSection(SolutionConfigurationPlatforms) = preSolution
		Debug|Any CPU = Debug|Any CPU
		Release|Any CPU = Release|Any CPU
	EndGlobalSection
	GlobalSection(ProjectConfigurationPlatforms) = postSolution
		{7EA9294B-A3F6-4F57-860D-343A5AA243A8}.Debug|Any CPU.ActiveCfg = Debug|Any CPU
		{7EA9294B-A3F6-4F57-860D-343A5AA243A8}.Debug|Any CPU.Build.0 = Debug|Any CPU
		{7EA9294B-A3F6-4F57-860D-343A5AA243A8}.Release|Any CPU.ActiveCfg = Release|Any CPU
		{7EA9294B-A3F6-4F57-860D-343A5AA243A8}.Release|Any CPU.Build.0 = Release|Any CPU
		{9DD7BC3B-40A7-425D-80EF-DF78D34BCABF}.Debug|Any CPU.ActiveCfg = Debug|Any CPU
		{9DD7BC3B-40A7-425D-80EF-DF78D34BCABF}.Debug|Any CPU.Build.0 = Debug|Any CPU
		{9DD7BC3B-40A7-425D-80EF-DF78D34BCABF}.Release|Any CPU.ActiveCfg = Release|Any CPU
		{9DD7BC3B-40A7-425D-80EF-DF78D34BCABF}.Release|Any CPU.Build.0 = Release|Any CPU
	EndGlobalSection
	GlobalSection(SolutionProperties) = preSolution
		HideSolutionNode = FALSE
	EndGlobalSection
	GlobalSection(ExtensibilityGlobals) = postSolution
		SolutionGuid = {F6D16C3D-E86D-4D56-AE9E-C283F2222839}
	EndGlobalSection
EndGlobal
